
Microsoft Visual Studio Solution File, Format Version 12.00
# Visual Studio Version 16
VisualStudioVersion = 16.0.31613.86
MinimumVisualStudioVersion = 10.0.40219.1
Project("{FAE04EC0-301F-11D3-BF4B-00C04F79EFBC}") = "UpSkillShopCart", "UpSkillShopCart.csproj", "{3DC3D004-2B68-449B-B681-364D06F57FCD}"
EndProject
Global
	GlobalSection(SolutionConfigurationPlatforms) = preSolution
		Debug|Any CPU = Debug|Any CPU
		Release|Any CPU = Release|Any CPU
	EndGlobalSection
	GlobalSection(ProjectConfigurationPlatforms) = postSolution
		{3DC3D004-2B68-449B-B681-364D06F57FCD}.Debug|Any CPU.ActiveCfg = Debug|Any CPU
		{3DC3D004-2B68-449B-B681-364D06F57FCD}.Debug|Any CPU.Build.0 = Debug|Any CPU
		{3DC3D004-2B68-449B-B681-364D06F57FCD}.Release|Any CPU.ActiveCfg = Release|Any CPU
		{3DC3D004-2B68-449B-B681-364D06F57FCD}.Release|Any CPU.Build.0 = Release|Any CPU
	EndGlobalSection
	GlobalSection(SolutionProperties) = preSolution
		HideSolutionNode = FALSE
	EndGlobalSection
	GlobalSection(ExtensibilityGlobals) = postSolution
		SolutionGuid = {B4079059-15CE-4F88-B1F0-64D4B5884BDE}
	EndGlobalSection
EndGlobal
